
Microsoft Visual Studio Solution File, Format Version 12.00
# Visual Studio 15
VisualStudioVersion = 15.0.26228.9
MinimumVisualStudioVersion = 10.0.40219.1
Project("{FAE04EC0-301F-11D3-BF4B-00C04F79EFBC}") = "Debugging", "Debugging\Debugging.csproj", "{0D59A052-0550-4860-B54C-5186DB2A47E2}"
EndProject
Project("{FAE04EC0-301F-11D3-BF4B-00C04F79EFBC}") = "Debugging.Facts", "Debugging.Facts\Debugging.Facts.csproj", "{9C4AD4DE-5FC8-46A8-BB3D-35ADC70C3C6B}"
EndProject
Project("{FAE04EC0-301F-11D3-BF4B-00C04F79EFBC}") = "Debugging.Specs", "Debugging.Specs\Debugging.Specs.csproj", "{6145302B-0955-46C0-B82A-E3EF32E730D8}"
EndProject
Project("{FAE04EC0-301F-11D3-BF4B-00C04F79EFBC}") = "Debugging.Console", "Debugging.Console\Debugging.Console.csproj", "{6E73A66E-152C-4E77-AC5D-2E2AB1A58D2D}"
EndProject
Global
	GlobalSection(SolutionConfigurationPlatforms) = preSolution
		Debug|Any CPU = Debug|Any CPU
		Release|Any CPU = Release|Any CPU
	EndGlobalSection
	GlobalSection(ProjectConfigurationPlatforms) = postSolution
		{0D59A052-0550-4860-B54C-5186DB2A47E2}.Debug|Any CPU.ActiveCfg = Debug|Any CPU
		{0D59A052-0550-4860-B54C-5186DB2A47E2}.Debug|Any CPU.Build.0 = Debug|Any CPU
		{0D59A052-0550-4860-B54C-5186DB2A47E2}.Release|Any CPU.ActiveCfg = Release|Any CPU
		{0D59A052-0550-4860-B54C-5186DB2A47E2}.Release|Any CPU.Build.0 = Release|Any CPU
		{9C4AD4DE-5FC8-46A8-BB3D-35ADC70C3C6B}.Debug|Any CPU.ActiveCfg = Debug|Any CPU
		{9C4AD4DE-5FC8-46A8-BB3D-35ADC70C3C6B}.Debug|Any CPU.Build.0 = Debug|Any CPU
		{9C4AD4DE-5FC8-46A8-BB3D-35ADC70C3C6B}.Release|Any CPU.ActiveCfg = Release|Any CPU
		{9C4AD4DE-5FC8-46A8-BB3D-35ADC70C3C6B}.Release|Any CPU.Build.0 = Release|Any CPU
		{6145302B-0955-46C0-B82A-E3EF32E730D8}.Debug|Any CPU.ActiveCfg = Debug|Any CPU
		{6145302B-0955-46C0-B82A-E3EF32E730D8}.Debug|Any CPU.Build.0 = Debug|Any CPU
		{6145302B-0955-46C0-B82A-E3EF32E730D8}.Release|Any CPU.ActiveCfg = Release|Any CPU
		{6145302B-0955-46C0-B82A-E3EF32E730D8}.Release|Any CPU.Build.0 = Release|Any CPU
		{6E73A66E-152C-4E77-AC5D-2E2AB1A58D2D}.Debug|Any CPU.ActiveCfg = Debug|Any CPU
		{6E73A66E-152C-4E77-AC5D-2E2AB1A58D2D}.Debug|Any CPU.Build.0 = Debug|Any CPU
		{6E73A66E-152C-4E77-AC5D-2E2AB1A58D2D}.Release|Any CPU.ActiveCfg = Release|Any CPU
		{6E73A66E-152C-4E77-AC5D-2E2AB1A58D2D}.Release|Any CPU.Build.0 = Release|Any CPU
	EndGlobalSection
	GlobalSection(SolutionProperties) = preSolution
		HideSolutionNode = FALSE
	EndGlobalSection
EndGlobal
